lockfileVersion: '9.0'

settings:
  autoInstallPeers: true
  excludeLinksFromLockfile: false

importers:

  .:
    dependencies:
      xgplayer:
        specifier: ^3.0.26
        version: 3.0.26(core-js@3.50.0)
      xgplayer-hls:
        specifier: ^3.0.24
        version: 3.0.26(core-js@3.50.0)(xgplayer@3.0.26(core-js@3.50.0))

packages:

  '@babel/runtime@7.29.7':
    resolution: {integrity: sha512-Nq8OhGWiZIZGV6hLHoyAKLLcJihP/xFeBMGJoUrxTX2psI8dCifzLhZISFb+VWS3wFMRDmCGw5R+dOySCqPLhw==}
    engines: {node: '>=6.9.0'}

  concat-typed-array@1.0.2:
    resolution: {integrity: sha512-aC878bxeWSlrY6h60cCDwBUXpKwovZrB7+C4+VHNO1CIXW2gBLxbQ757jWtOXUscLGgYI8R84N6uy9fTJPe+0g==}
    engines: {node: '>=0.10.0'}
    deprecated: 'WARNING: This package has been renamed to typed-array-concat.'

  core-js@3.50.0:
    resolution: {integrity: sha512-BRWgOLKkFeCgRudR6zrs8p9XJZcE14grzKMMssoYrk6krtuEZ7MTKPIY5RzOnqsEKIR9kst7wNzphttraT+Yqw==}

  crypto-es@2.1.0:
    resolution: {integrity: sha512-C5Dbuv4QTPGuloy5c5Vv/FZHtmK+lobLAypFfuRaBbwCsk3qbCWWESCH3MUcBsrgXloRNMrzwUAiPg4U6+IaKA==}

  d@1.0.2:
    resolution: {integrity: sha512-MOqHvMWF9/9MX6nza0KgvFH4HpMU0EF5uUDXqX/BtxtU8NfB0QzRtJ8Oe/6SuS4kbhyzVJwjd97EA4PKrzJ8bw==}
    engines: {node: '>=0.12'}

  danmu.js@1.2.1:
    resolution: {integrity: sha512-evDEImUBo94c846fC92K//Dzll8jXnZ3zKmYlQHwMzmvw6IW2IyjWL3Ew2SqEAzuqauFnDkwJEgZauu3uW/p1Q==}

  delegate@3.2.0:
    resolution: {integrity: sha512-IofjkYBZaZivn0V8nnsMJGBr4jVLxHDheKSW88PyxS5QC4Vo9ZbZVvhzlSxY87fVq3STR6r+4cGepyHkcWOQSw==}

  es5-ext@0.10.64:
    resolution: {integrity: sha512-p2snDhiLaXe6dahss1LddxqEm+SkuDvV8dnIQG0MWjyHpcMNfXKPE+/Cc0y+PhxJX3A4xGNeFCj5oc0BUh6deg==}
    engines: {node: '>=0.10'}

  es6-iterator@2.0.3:
    resolution: {integrity: sha512-zw4SRzoUkd+cl+ZoE15A9o1oQd920Bb0iOJMQkQhl3jNc03YqVjAhG7scf9C5KWRU/R13Orf588uCC6525o02g==}

  es6-symbol@3.1.4:
    resolution: {integrity: sha512-U9bFFjX8tFiATgtkJ1zg25+KviIXpgRvRHS8sau3GfhVzThRQrOeksPeT0BWW2MNZs1OEWJ1DPXOQMn0KKRkvg==}
    engines: {node: '>=0.12'}

  esniff@2.0.1:
    resolution: {integrity: sha512-kTUIGKQ/mDPFoJ0oVfcmyJn4iBDRptjNVIzwIFR7tqWXdVI9xfA2RMwY/gbSpJG3lkdWNEjLap/NqVHZiJsdfg==}
    engines: {node: '>=0.10'}

  event-emitter@0.3.5:
    resolution: {integrity: sha512-D9rRn9y7kLPnJ+hMq7S/nhvoKwwvVJahBi2BPmx3bvbsEdK3W9ii8cBSGjP+72/LnM4n6fo3+dkCX5FeTQruXA==}

  eventemitter3@4.0.7:
    resolution: {integrity: sha512-8guHBZCwKnFhYdHr2ysuRWErTwhoN2X8XELRlrRwpmfeY2jjuUN4taQMsULKUVo1K4DvZl+0pgfyoysHxvmvEw==}

  ext@1.7.0:
    resolution: {integrity: sha512-6hxeJYaL110a9b5TEJSj0gojyHQAmA2ch5Os+ySCiA1QGdS697XWY1pzsrSjqA9LDEEgdB/KypIlR59RcLuHYw==}

  next-tick@1.1.0:
    resolution: {integrity: sha512-CXdUiJembsNjuToQvxayPZF9Vqht7hewsvy2sOWafLvi2awflj9mOC6bHIg50orX8IJvWKY9wYQ/zB2kogPslQ==}

  type@2.7.3:
    resolution: {integrity: sha512-8j+1QmAbPvLZow5Qpi6NCaN8FB60p/6x8/vfNqOk/hC+HuvFZhL4+WfekuhQLiqFZXOgQdrs3B+XxEmCc6b3FQ==}

  xgplayer-hls@3.0.26:
    resolution: {integrity: sha512-F+su9sAGGzZt9MhlrCHxOVhunWT5qy1S8ooKW331lEwueHsCeBR/VFsGsG12cj33FA/+jt0sE2BFpWHxeoEb2g==}
    peerDependencies:
      core-js: '>=3.12.1'
      xgplayer: 3.0.26

  xgplayer-streaming-shared@3.0.26:
    resolution: {integrity: sha512-URZWNZX90Z2BMhpDXFuGrFwphqoNf5jnqb6zUV756ACgrnlHE5nyxDBYutueCaoCaFXH4ueeN67K8Xit8+xijA==}
    peerDependencies:
      core-js: '>=3.12.1'

  xgplayer-subtitles@3.0.26:
    resolution: {integrity: sha512-HiHlw3E8emEQCv0xFYHdmNUFgyzyWGBnSNmyI/fkuuvRBb+4IbsCfxg6PF3r1TNCfzOuNzA/OaMbtXBSH8n/Bw==}
    peerDependencies:
      core-js: '>=3.12.1'

  xgplayer-transmuxer@3.0.26:
    resolution: {integrity: sha512-McJZPMbrS6hGMHM1dQ7AjDhbaHeeIe2ZrUDOShiHhS3AJFibldtH3+w/veprBs9tAMvtPGDq9mztW/qvdyKUNw==}
    peerDependencies:
      core-js: '>=3.12.1'

  xgplayer@3.0.26:
    resolution: {integrity: sha512-F/urLGIrxCa1DI+wtkPyT0TcRS6Wejbo+OZKOTlSVvg0+SGyN3TfSXddNcu6LL876ZTWzlEwhS4C5nKSUV5FZw==}
    peerDependencies:
      core-js: '>=3.12.1'

snapshots:

  '@babel/runtime@7.29.7': {}

  concat-typed-array@1.0.2: {}

  core-js@3.50.0: {}

  crypto-es@2.1.0: {}

  d@1.0.2:
    dependencies:
      es5-ext: 0.10.64
      type: 2.7.3

  danmu.js@1.2.1:
    dependencies:
      event-emitter: 0.3.5

  delegate@3.2.0: {}

  es5-ext@0.10.64:
    dependencies:
      es6-iterator: 2.0.3
      es6-symbol: 3.1.4
      esniff: 2.0.1
      next-tick: 1.1.0

  es6-iterator@2.0.3:
    dependencies:
      d: 1.0.2
      es5-ext: 0.10.64
      es6-symbol: 3.1.4

  es6-symbol@3.1.4:
    dependencies:
      d: 1.0.2
      ext: 1.7.0

  esniff@2.0.1:
    dependencies:
      d: 1.0.2
      es5-ext: 0.10.64
      event-emitter: 0.3.5
      type: 2.7.3

  event-emitter@0.3.5:
    dependencies:
      d: 1.0.2
      es5-ext: 0.10.64

  eventemitter3@4.0.7: {}

  ext@1.7.0:
    dependencies:
      type: 2.7.3

  next-tick@1.1.0: {}

  type@2.7.3: {}

  xgplayer-hls@3.0.26(core-js@3.50.0)(xgplayer@3.0.26(core-js@3.50.0)):
    dependencies:
      core-js: 3.50.0
      eventemitter3: 4.0.7
      xgplayer: 3.0.26(core-js@3.50.0)
      xgplayer-streaming-shared: 3.0.26(core-js@3.50.0)
      xgplayer-transmuxer: 3.0.26(core-js@3.50.0)

  xgplayer-streaming-shared@3.0.26(core-js@3.50.0):
    dependencies:
      core-js: 3.50.0
      eventemitter3: 4.0.7

  xgplayer-subtitles@3.0.26(core-js@3.50.0):
    dependencies:
      core-js: 3.50.0
      eventemitter3: 4.0.7

  xgplayer-transmuxer@3.0.26(core-js@3.50.0):
    dependencies:
      '@babel/runtime': 7.29.7
      concat-typed-array: 1.0.2
      core-js: 3.50.0
      crypto-es: 2.1.0

  xgplayer@3.0.26(core-js@3.50.0):
    dependencies:
      core-js: 3.50.0
      danmu.js: 1.2.1
      delegate: 3.2.0
      eventemitter3: 4.0.7
      xgplayer-subtitles: 3.0.26(core-js@3.50.0)
